
Microsoft Visual Studio Solution File, Format Version 12.00
# Visual Studio Version 17
VisualStudioVersion = 17.5.33502.453
MinimumVisualStudioVersion = 10.0.40219.1
Project("{FAE04EC0-301F-11D3-BF4B-00C04F79EFBC}") = "WebApplication3", "WebApplication3\WebApplication3.csproj", "{D352AC26-AC60-47F3-BE78-8CAD83A889C2}"
EndProject
Global
	GlobalSection(SolutionConfigurationPlatforms) = preSolution
		Debug|Any CPU = Debug|Any CPU
		Release|Any CPU = Release|Any CPU
	EndGlobalSection
	GlobalSection(ProjectConfigurationPlatforms) = postSolution
		{D352AC26-AC60-47F3-BE78-8CAD83A889C2}.Debug|Any CPU.ActiveCfg = Debug|Any CPU
		{D352AC26-AC60-47F3-BE78-8CAD83A889C2}.Debug|Any CPU.Build.0 = Debug|Any CPU
		{D352AC26-AC60-47F3-BE78-8CAD83A889C2}.Release|Any CPU.ActiveCfg = Release|Any CPU
		{D352AC26-AC60-47F3-BE78-8CAD83A889C2}.Release|Any CPU.Build.0 = Release|Any CPU
	EndGlobalSection
	GlobalSection(SolutionProperties) = preSolution
		HideSolutionNode = FALSE
	EndGlobalSection
	GlobalSection(ExtensibilityGlobals) = postSolution
		SolutionGuid = {2E0ECB04-F2C1-472B-BFC8-155C8E767220}
	EndGlobalSection
EndGlobal
